
Microsoft Visual Studio Solution File, Format Version 12.00
# Visual Studio Version 16
VisualStudioVersion = 16.0.33927.289
MinimumVisualStudioVersion = 10.0.40219.1
Project("{2150E333-8FDC-42A3-9474-1A3956D46DE8}") = "Task0", "Task0", "{7805A5B3-1EB0-4E1C-B63E-34B1B8B10BA8}"
EndProject
Project("{FAE04EC0-301F-11D3-BF4B-00C04F79EFBC}") = "Tyuiu.DolgushinVA.Sprint3.Task0.V3", "Tyuiu.DolgushinVA.Sprint3.Task0.V3\Tyuiu.DolgushinVA.Sprint3.Task0.V3.csproj", "{E3CD8E30-FB31-4755-A779-7C3853E1EB07}"
EndProject
Project("{FAE04EC0-301F-11D3-BF4B-00C04F79EFBC}") = "Tyuiu.DolgushinVA.Sprint3.Task0.V3.Lib", "Tyuiu.DolgushinVA.Sprint3.Task0.V3.Lib\Tyuiu.DolgushinVA.Sprint3.Task0.V3.Lib.csproj", "{64F64454-9CAA-41D9-B758-196025388370}"
EndProject
Project("{FAE04EC0-301F-11D3-BF4B-00C04F79EFBC}") = "Tyuiu.DolgushinVA.Sprint3.Task0.V3.Test", "Tyuiu.DolgushinVA.Sprint3.Task0.V3.Test\Tyuiu.DolgushinVA.Sprint3.Task0.V3.Test.csproj", "{3C5098F7-CE39-437C-923C-703608D090A0}"
EndProject
Project("{2150E333-8FDC-42A3-9474-1A3956D46DE8}") = "Task1", "Task1", "{6A88B438-F8DE-4E61-9D9A-E4ABBC5D5774}"
EndProject
Project("{FAE04EC0-301F-11D3-BF4B-00C04F79EFBC}") = "Tyuiu.DolgushinVA.Sprint3.Task1.V19", "Tyuiu.DolgushinVA.Sprint3.Task1.V19\Tyuiu.DolgushinVA.Sprint3.Task1.V19.csproj", "{E7A7E6AE-0E87-4DC4-87C9-DA46E33A6899}"
EndProject
Project("{FAE04EC0-301F-11D3-BF4B-00C04F79EFBC}") = "Tyuiu.DolgushinVA.Sprint3.Task1.V19.Lib", "Tyuiu.DolgushinVA.Sprint3.Task1.V19.Lib\Tyuiu.DolgushinVA.Sprint3.Task1.V19.Lib.csproj", "{35BA837F-2A24-4A72-AAC9-53352EB105E3}"
EndProject
Project("{FAE04EC0-301F-11D3-BF4B-00C04F79EFBC}") = "Tyuiu.DolgushinVA.Sprint3.Task1.V19.Test", "Tyuiu.DolgushinVA.Sprint3.Task1.V19.Test\Tyuiu.DolgushinVA.Sprint3.Task1.V19.Test.csproj", "{BD8E1448-923E-4B9E-B211-F6719DBBBB8E}"
EndProject
Project("{2150E333-8FDC-42A3-9474-1A3956D46DE8}") = "Task2", "Task2", "{AC8875FA-31FC-424D-B276-F17EBA9BCB83}"
EndProject
Project("{FAE04EC0-301F-11D3-BF4B-00C04F79EFBC}") = "Tyuiu.DolgushinVA.Sprint3.Task2.V20", "Tyuiu.DolgushinVA.Sprint3.Task2.V20\Tyuiu.DolgushinVA.Sprint3.Task2.V20.csproj", "{C3263D34-5EC1-406B-BBCD-C3852DD34268}"
EndProject
Project("{FAE04EC0-301F-11D3-BF4B-00C04F79EFBC}") = "Tyuiu.DolgushinVA.Sprint3.Task2.V20.Lib", "Tyuiu.DolgushinVA.Sprint3.Task2.V20.Lib\Tyuiu.DolgushinVA.Sprint3.Task2.V20.Lib.csproj", "{A93CF04D-C494-4FC3-BB91-4633AC671065}"
EndProject
Project("{FAE04EC0-301F-11D3-BF4B-00C04F79EFBC}") = "Tyuiu.DolgushinVA.Sprint3.Task2.V20.Test", "Tyuiu.DolgushinVA.Sprint3.Task2.V20.Test\Tyuiu.DolgushinVA.Sprint3.Task2.V20.Test.csproj", "{C505977C-5C32-4D8E-A1FE-37E3AC8D7BEB}"
EndProject
Project("{2150E333-8FDC-42A3-9474-1A3956D46DE8}") = "Task3", "Task3", "{00D2DB7D-5810-43AA-A344-0443854EA99A}"
EndProject
Project("{FAE04EC0-301F-11D3-BF4B-00C04F79EFBC}") = "Tyuiu.DolgushinVA.Sprint3.Task3.V11", "Tyuiu.DolgushinVA.Sprint3.Task3.V11\Tyuiu.DolgushinVA.Sprint3.Task3.V11.csproj", "{556C65F5-AB22-4C44-9FDE-196355E9B309}"
EndProject
Project("{FAE04EC0-301F-11D3-BF4B-00C04F79EFBC}") = "Tyuiu.DolgushinVA.Sprint3.Task3.V11.Lib", "Tyuiu.DolgushinVA.Sprint3.Task3.V11.Lib\Tyuiu.DolgushinVA.Sprint3.Task3.V11.Lib.csproj", "{59A3E730-39A1-493E-B88B-151C0046D180}"
EndProject
Project("{FAE04EC0-301F-11D3-BF4B-00C04F79EFBC}") = "Tyuiu.DolgushinVA.Sprint3.Task3.V11.Test", "Tyuiu.DolgushinVA.Sprint3.Task3.V11.Test\Tyuiu.DolgushinVA.Sprint3.Task3.V11.Test.csproj", "{B7EB13B7-58C3-45D2-9186-1D940F4C8677}"
EndProject
Global
	GlobalSection(SolutionConfigurationPlatforms) = preSolution
		Debug|Any CPU = Debug|Any CPU
		Release|Any CPU = Release|Any CPU
	EndGlobalSection
	GlobalSection(ProjectConfigurationPlatforms) = postSolution
		{E3CD8E30-FB31-4755-A779-7C3853E1EB07}.Debug|Any CPU.ActiveCfg = Debug|Any CPU
		{E3CD8E30-FB31-4755-A779-7C3853E1EB07}.Debug|Any CPU.Build.0 = Debug|Any CPU
		{E3CD8E30-FB31-4755-A779-7C3853E1EB07}.Release|Any CPU.ActiveCfg = Release|Any CPU
		{E3CD8E30-FB31-4755-A779-7C3853E1EB07}.Release|Any CPU.Build.0 = Release|Any CPU
		{64F64454-9CAA-41D9-B758-196025388370}.Debug|Any CPU.ActiveCfg = Debug|Any CPU
		{64F64454-9CAA-41D9-B758-196025388370}.Debug|Any CPU.Build.0 = Debug|Any CPU
		{64F64454-9CAA-41D9-B758-196025388370}.Release|Any CPU.ActiveCfg = Release|Any CPU
		{64F64454-9CAA-41D9-B758-196025388370}.Release|Any CPU.Build.0 = Release|Any CPU
		{3C5098F7-CE39-437C-923C-703608D090A0}.Debug|Any CPU.ActiveCfg = Debug|Any CPU
		{3C5098F7-CE39-437C-923C-703608D090A0}.Debug|Any CPU.Build.0 = Debug|Any CPU
		{3C5098F7-CE39-437C-923C-703608D090A0}.Release|Any CPU.ActiveCfg = Release|Any CPU
		{3C5098F7-CE39-437C-923C-703608D090A0}.Release|Any CPU.Build.0 = Release|Any CPU
		{E7A7E6AE-0E87-4DC4-87C9-DA46E33A6899}.Debug|Any CPU.ActiveCfg = Debug|Any CPU
		{E7A7E6AE-0E87-4DC4-87C9-DA46E33A6899}.Debug|Any CPU.Build.0 = Debug|Any CPU
		{E7A7E6AE-0E87-4DC4-87C9-DA46E33A6899}.Release|Any CPU.ActiveCfg = Release|Any CPU
		{E7A7E6AE-0E87-4DC4-87C9-DA46E33A6899}.Release|Any CPU.Build.0 = Release|Any CPU
		{35BA837F-2A24-4A72-AAC9-53352EB105E3}.Debug|Any CPU.ActiveCfg = Debug|Any CPU
		{35BA837F-2A24-4A72-AAC9-53352EB105E3}.Debug|Any CPU.Build.0 = Debug|Any CPU
		{35BA837F-2A24-4A72-AAC9-53352EB105E3}.Release|Any CPU.ActiveCfg = Release|Any CPU
		{35BA837F-2A24-4A72-AAC9-53352EB105E3}.Release|Any CPU.Build.0 = Release|Any CPU
		{BD8E1448-923E-4B9E-B211-F6719DBBBB8E}.Debug|Any CPU.ActiveCfg = Debug|Any CPU
		{BD8E1448-923E-4B9E-B211-F6719DBBBB8E}.Debug|Any CPU.Build.0 = Debug|Any CPU
		{BD8E1448-923E-4B9E-B211-F6719DBBBB8E}.Release|Any CPU.ActiveCfg = Release|Any CPU
		{BD8E1448-923E-4B9E-B211-F6719DBBBB8E}.Release|Any CPU.Build.0 = Release|Any CPU
		{C3263D34-5EC1-406B-BBCD-C3852DD34268}.Debug|Any CPU.ActiveCfg = Debug|Any CPU
		{C3263D34-5EC1-406B-BBCD-C3852DD34268}.Debug|Any CPU.Build.0 = Debug|Any CPU
		{C3263D34-5EC1-406B-BBCD-C3852DD34268}.Release|Any CPU.ActiveCfg = Release|Any CPU
		{C3263D34-5EC1-406B-BBCD-C3852DD34268}.Release|Any CPU.Build.0 = Release|Any CPU
		{A93CF04D-C494-4FC3-BB91-4633AC671065}.Debug|Any CPU.ActiveCfg = Debug|Any CPU
		{A93CF04D-C494-4FC3-BB91-4633AC671065}.Debug|Any CPU.Build.0 = Debug|Any CPU
		{A93CF04D-C494-4FC3-BB91-4633AC671065}.Release|Any CPU.ActiveCfg = Release|Any CPU
		{A93CF04D-C494-4FC3-BB91-4633AC671065}.Release|Any CPU.Build.0 = Release|Any CPU
		{C505977C-5C32-4D8E-A1FE-37E3AC8D7BEB}.Debug|Any CPU.ActiveCfg = Debug|Any CPU
		{C505977C-5C32-4D8E-A1FE-37E3AC8D7BEB}.Debug|Any CPU.Build.0 = Debug|Any CPU
		{C505977C-5C32-4D8E-A1FE-37E3AC8D7BEB}.Release|Any CPU.ActiveCfg = Release|Any CPU
		{C505977C-5C32-4D8E-A1FE-37E3AC8D7BEB}.Release|Any CPU.Build.0 = Release|Any CPU
		{556C65F5-AB22-4C44-9FDE-196355E9B309}.Debug|Any CPU.ActiveCfg = Debug|Any CPU
		{556C65F5-AB22-4C44-9FDE-196355E9B309}.Debug|Any CPU.Build.0 = Debug|Any CPU
		{556C65F5-AB22-4C44-9FDE-196355E9B309}.Release|Any CPU.ActiveCfg = Release|Any CPU
		{556C65F5-AB22-4C44-9FDE-196355E9B309}.Release|Any CPU.Build.0 = Release|Any CPU
		{59A3E730-39A1-493E-B88B-151C0046D180}.Debug|Any CPU.ActiveCfg = Debug|Any CPU
		{59A3E730-39A1-493E-B88B-151C0046D180}.Debug|Any CPU.Build.0 = Debug|Any CPU
		{59A3E730-39A1-493E-B88B-151C0046D180}.Release|Any CPU.ActiveCfg = Release|Any CPU
		{59A3E730-39A1-493E-B88B-151C0046D180}.Release|Any CPU.Build.0 = Release|Any CPU
		{B7EB13B7-58C3-45D2-9186-1D940F4C8677}.Debug|Any CPU.ActiveCfg = Debug|Any CPU
		{B7EB13B7-58C3-45D2-9186-1D940F4C8677}.Debug|Any CPU.Build.0 = Debug|Any CPU
		{B7EB13B7-58C3-45D2-9186-1D940F4C8677}.Release|Any CPU.ActiveCfg = Release|Any CPU
		{B7EB13B7-58C3-45D2-9186-1D940F4C8677}.Release|Any CPU.Build.0 = Release|Any CPU
	EndGlobalSection
	GlobalSection(SolutionProperties) = preSolution
		HideSolutionNode = FALSE
	EndGlobalSection
	GlobalSection(NestedProjects) = preSolution
		{E3CD8E30-FB31-4755-A779-7C3853E1EB07} = {7805A5B3-1EB0-4E1C-B63E-34B1B8B10BA8}
		{64F64454-9CAA-41D9-B758-196025388370} = {7805A5B3-1EB0-4E1C-B63E-34B1B8B10BA8}
		{3C5098F7-CE39-437C-923C-703608D090A0} = {7805A5B3-1EB0-4E1C-B63E-34B1B8B10BA8}
		{E7A7E6AE-0E87-4DC4-87C9-DA46E33A6899} = {6A88B438-F8DE-4E61-9D9A-E4ABBC5D5774}
		{35BA837F-2A24-4A72-AAC9-53352EB105E3} = {6A88B438-F8DE-4E61-9D9A-E4ABBC5D5774}
		{BD8E1448-923E-4B9E-B211-F6719DBBBB8E} = {6A88B438-F8DE-4E61-9D9A-E4ABBC5D5774}
		{C3263D34-5EC1-406B-BBCD-C3852DD34268} = {AC8875FA-31FC-424D-B276-F17EBA9BCB83}
		{A93CF04D-C494-4FC3-BB91-4633AC671065} = {AC8875FA-31FC-424D-B276-F17EBA9BCB83}
		{C505977C-5C32-4D8E-A1FE-37E3AC8D7BEB} = {AC8875FA-31FC-424D-B276-F17EBA9BCB83}
		{556C65F5-AB22-4C44-9FDE-196355E9B309} = {00D2DB7D-5810-43AA-A344-0443854EA99A}
		{59A3E730-39A1-493E-B88B-151C0046D180} = {00D2DB7D-5810-43AA-A344-0443854EA99A}
		{B7EB13B7-58C3-45D2-9186-1D940F4C8677} = {00D2DB7D-5810-43AA-A344-0443854EA99A}
	EndGlobalSection
	GlobalSection(ExtensibilityGlobals) = postSolution
		SolutionGuid = {73CEB207-FA85-45B0-9ECE-6E163357C73B}
	EndGlobalSection
EndGlobal
